
Microsoft Visual Studio Solution File, Format Version 12.00
# Visual Studio 2013
VisualStudioVersion = 12.0.21005.1
MinimumVisualStudioVersion = 10.0.40219.1
Project("{8BC9CEB8-8B4A-11D0-8D11-00A0C91BC942}") = "feipang_6_4", "feipang_6_4\feipang_6_4.vcxproj", "{F5E3B645-E2D8-41A7-A2A8-D1A86E735A9D}"
EndProject
Global
	GlobalSection(SolutionConfigurationPlatforms) = preSolution
		Debug|Win32 = Debug|Win32
		Release|Win32 = Release|Win32
	EndGlobalSection
	GlobalSection(ProjectConfigurationPlatforms) = postSolution
		{F5E3B645-E2D8-41A7-A2A8-D1A86E735A9D}.Debug|Win32.ActiveCfg = Debug|Win32
		{F5E3B645-E2D8-41A7-A2A8-D1A86E735A9D}.Debug|Win32.Build.0 = Debug|Win32
		{F5E3B645-E2D8-41A7-A2A8-D1A86E735A9D}.Release|Win32.ActiveCfg = Release|Win32
		{F5E3B645-E2D8-41A7-A2A8-D1A86E735A9D}.Release|Win32.Build.0 = Release|Win32
	EndGlobalSection
	GlobalSection(SolutionProperties) = preSolution
		HideSolutionNode = FALSE
	EndGlobalSection
EndGlobal
